
Microsoft Visual Studio Solution File, Format Version 12.00
# Visual Studio 2013
VisualStudioVersion = 12.0.40629.0
MinimumVisualStudioVersion = 10.0.40219.1
Project("{FAE04EC0-301F-11D3-BF4B-00C04F79EFBC}") = "Api", "ApiTeste2\Api.csproj", "{C028ACDE-7D99-419F-939D-4CECACFA72F1}"
EndProject
Project("{2150E333-8FDC-42A3-9474-1A3956D46DE8}") = "Destination", "Destination", "{3307B360-9C75-49A9-A8BC-43E46356716B}"
EndProject
Project("{FAE04EC0-301F-11D3-BF4B-00C04F79EFBC}") = "Dominio", "Dominio\Dominio.csproj", "{6409F507-72E5-4630-AEC4-67ED982CB7ED}"
EndProject
Project("{FAE04EC0-301F-11D3-BF4B-00C04F79EFBC}") = "Testes", "Testes\Testes.csproj", "{068FA474-CBA3-4BC8-A822-C206225858D7}"
EndProject
Project("{FAE04EC0-301F-11D3-BF4B-00C04F79EFBC}") = "Web", "Web\Web.csproj", "{0894EC20-97F6-4384-BAE8-12B3212089F2}"
EndProject
Global
	GlobalSection(SolutionConfigurationPlatforms) = preSolution
		Debug|Any CPU = Debug|Any CPU
		Release|Any CPU = Release|Any CPU
	EndGlobalSection
	GlobalSection(ProjectConfigurationPlatforms) = postSolution
		{C028ACDE-7D99-419F-939D-4CECACFA72F1}.Debug|Any CPU.ActiveCfg = Debug|Any CPU
		{C028ACDE-7D99-419F-939D-4CECACFA72F1}.Debug|Any CPU.Build.0 = Debug|Any CPU
		{C028ACDE-7D99-419F-939D-4CECACFA72F1}.Release|Any CPU.ActiveCfg = Release|Any CPU
		{C028ACDE-7D99-419F-939D-4CECACFA72F1}.Release|Any CPU.Build.0 = Release|Any CPU
		{6409F507-72E5-4630-AEC4-67ED982CB7ED}.Debug|Any CPU.ActiveCfg = Debug|Any CPU
		{6409F507-72E5-4630-AEC4-67ED982CB7ED}.Debug|Any CPU.Build.0 = Debug|Any CPU
		{6409F507-72E5-4630-AEC4-67ED982CB7ED}.Release|Any CPU.ActiveCfg = Release|Any CPU
		{6409F507-72E5-4630-AEC4-67ED982CB7ED}.Release|Any CPU.Build.0 = Release|Any CPU
		{068FA474-CBA3-4BC8-A822-C206225858D7}.Debug|Any CPU.ActiveCfg = Debug|Any CPU
		{068FA474-CBA3-4BC8-A822-C206225858D7}.Debug|Any CPU.Build.0 = Debug|Any CPU
		{068FA474-CBA3-4BC8-A822-C206225858D7}.Release|Any CPU.ActiveCfg = Release|Any CPU
		{068FA474-CBA3-4BC8-A822-C206225858D7}.Release|Any CPU.Build.0 = Release|Any CPU
		{0894EC20-97F6-4384-BAE8-12B3212089F2}.Debug|Any CPU.ActiveCfg = Debug|Any CPU
		{0894EC20-97F6-4384-BAE8-12B3212089F2}.Debug|Any CPU.Build.0 = Debug|Any CPU
		{0894EC20-97F6-4384-BAE8-12B3212089F2}.Release|Any CPU.ActiveCfg = Release|Any CPU
		{0894EC20-97F6-4384-BAE8-12B3212089F2}.Release|Any CPU.Build.0 = Release|Any CPU
	EndGlobalSection
	GlobalSection(SolutionProperties) = preSolution
		HideSolutionNode = FALSE
	EndGlobalSection
	GlobalSection(NestedProjects) = preSolution
		{C028ACDE-7D99-419F-939D-4CECACFA72F1} = {3307B360-9C75-49A9-A8BC-43E46356716B}
		{6409F507-72E5-4630-AEC4-67ED982CB7ED} = {3307B360-9C75-49A9-A8BC-43E46356716B}
		{068FA474-CBA3-4BC8-A822-C206225858D7} = {3307B360-9C75-49A9-A8BC-43E46356716B}
		{0894EC20-97F6-4384-BAE8-12B3212089F2} = {3307B360-9C75-49A9-A8BC-43E46356716B}
	EndGlobalSection
EndGlobal
